
Microsoft Visual Studio Solution File, Format Version 12.00
# Visual Studio Version 17
VisualStudioVersion = 17.14.36623.8 d17.14
MinimumVisualStudioVersion = 10.0.40219.1
Project("{FAE04EC0-301F-11D3-BF4B-00C04F79EFBC}") = "TP_BD_P3", "TP_BD_P3\TP_BD_P3.csproj", "{0EB95E01-3546-4C83-AB48-98B2F94C4765}"
EndProject
Global
	GlobalSection(SolutionConfigurationPlatforms) = preSolution
		Debug|Any CPU = Debug|Any CPU
		Release|Any CPU = Release|Any CPU
	EndGlobalSection
	GlobalSection(ProjectConfigurationPlatforms) = postSolution
		{0EB95E01-3546-4C83-AB48-98B2F94C4765}.Debug|Any CPU.ActiveCfg = Debug|Any CPU
		{0EB95E01-3546-4C83-AB48-98B2F94C4765}.Debug|Any CPU.Build.0 = Debug|Any CPU
		{0EB95E01-3546-4C83-AB48-98B2F94C4765}.Release|Any CPU.ActiveCfg = Release|Any CPU
		{0EB95E01-3546-4C83-AB48-98B2F94C4765}.Release|Any CPU.Build.0 = Release|Any CPU
	EndGlobalSection
	GlobalSection(SolutionProperties) = preSolution
		HideSolutionNode = FALSE
	EndGlobalSection
	GlobalSection(ExtensibilityGlobals) = postSolution
		SolutionGuid = {BE932F1B-F966-49DE-9F06-7818F2E56C4B}
	EndGlobalSection
EndGlobal
